
Microsoft Visual Studio Solution File, Format Version 12.00
# Visual Studio Version 16
VisualStudioVersion = 16.0.31702.278
MinimumVisualStudioVersion = 10.0.40219.1
Project("{FAE04EC0-301F-11D3-BF4B-00C04F79EFBC}") = "books", "books\books.csproj", "{D631442A-C259-4A9E-A38B-BEE9BBC2B987}"
EndProject
Global
	GlobalSection(SolutionConfigurationPlatforms) = preSolution
		Debug|Any CPU = Debug|Any CPU
		Release|Any CPU = Release|Any CPU
	EndGlobalSection
	GlobalSection(ProjectConfigurationPlatforms) = postSolution
		{D631442A-C259-4A9E-A38B-BEE9BBC2B987}.Debug|Any CPU.ActiveCfg = Debug|Any CPU
		{D631442A-C259-4A9E-A38B-BEE9BBC2B987}.Debug|Any CPU.Build.0 = Debug|Any CPU
		{D631442A-C259-4A9E-A38B-BEE9BBC2B987}.Release|Any CPU.ActiveCfg = Release|Any CPU
		{D631442A-C259-4A9E-A38B-BEE9BBC2B987}.Release|Any CPU.Build.0 = Release|Any CPU
	EndGlobalSection
	GlobalSection(SolutionProperties) = preSolution
		HideSolutionNode = FALSE
	EndGlobalSection
	GlobalSection(ExtensibilityGlobals) = postSolution
		SolutionGuid = {CA20749D-A9E6-404E-9612-3858D05FA93B}
	EndGlobalSection
EndGlobal
